// !$*UTF8*$!
{
	archiveVersion = 1;
	classes = {
	};
	objectVersion = 50;
	objects = {

/* Begin PBXBuildFile section */
		8A34BFED23BF96B5006B560E /* AppDelegate.swift in Sources */ = {isa = PBXBuildFile; fileRef = 8A34BFEC23BF96B5006B560E /* AppDelegate.swift */; };
		8A34BFEF23BF96B5006B560E /* SceneDelegate.swift in Sources */ = {isa = PBXBuildFile; fileRef = 8A34BFEE23BF96B5006B560E /* SceneDelegate.swift */; };
		8A34BFF623BF96B7006B560E /* Assets.xcassets in Resources */ = {isa = PBXBuildFile; fileRef = 8A34BFF523BF96B7006B560E /* Assets.xcassets */; };
		8A34BFF923BF96B7006B560E /* LaunchScreen.storyboard in Resources */ = {isa = PBXBuildFile; fileRef = 8A34BFF723BF96B7006B560E /* LaunchScreen.storyboard */; };
		8A438A892440DD2E00B65BB1 /* HomeViewController.swift in Sources */ = {isa = PBXBuildFile; fileRef = 8A438A882440DD2E00B65BB1 /* HomeViewController.swift */; };
		8A438A8B2440DD4C00B65BB1 /* ImageCollectionViewController.swift in Sources */ = {isa = PBXBuildFile; fileRef = 8A438A8A2440DD4C00B65BB1 /* ImageCollectionViewController.swift */; };
		8A438A8D2440DD6A00B65BB1 /* InfoCollectionViewController.swift in Sources */ = {isa = PBXBuildFile; fileRef = 8A438A8C2440DD6A00B65BB1 /* InfoCollectionViewController.swift */; };
		8A438A902440E93400B65BB1 /* Extensions.swift in Sources */ = {isa = PBXBuildFile; fileRef = 8A438A8F2440E93400B65BB1 /* Extensions.swift */; };
		8A438A932440ECB300B65BB1 /* SynchronizedScrollingDelegate.swift in Sources */ = {isa = PBXBuildFile; fileRef = 8A438A922440ECB300B65BB1 /* SynchronizedScrollingDelegate.swift */; };
		8A438A95244102EF00B65BB1 /* Default-568h@2x.png in Resources */ = {isa = PBXBuildFile; fileRef = 8A438A94244102EF00B65BB1 /* Default-568h@2x.png */; };
		8A52794A2443D6AD00E13ABA /* Main.storyboard in Resources */ = {isa = PBXBuildFile; fileRef = 8A5279492443D6AD00E13ABA /* Main.storyboard */; };
		8AA62C7023C0D9000040E8A5 /* Mauricio August@2x.png in Resources */ = {isa = PBXBuildFile; fileRef = 8AA62C1B23C0D9000040E8A5 /* Mauricio August@2x.png */; };
		8AA62C7123C0D9000040E8A5 /* Ashley Mc Carthy.png in Resources */ = {isa = PBXBuildFile; fileRef = 8AA62C1C23C0D9000040E8A5 /* Ashley Mc Carthy.png */; };
		8AA62C7223C0D9000040E8A5 /* Henry Brill.png in Resources */ = {isa = PBXBuildFile; fileRef = 8AA62C1D23C0D9000040E8A5 /* Henry Brill.png */; };
		8AA62C7323C0D9000040E8A5 /* Amanda Brady@2x.png in Resources */ = {isa = PBXBuildFile; fileRef = 8AA62C1E23C0D9000040E8A5 /* Amanda Brady@2x.png */; };
		8AA62C7423C0D9000040E8A5 /* Robert Tolbert@2x.png in Resources */ = {isa = PBXBuildFile; fileRef = 8AA62C1F23C0D9000040E8A5 /* Robert Tolbert@2x.png */; };
		8AA62C7523C0D9000040E8A5 /* Henry Brill@3x.png in Resources */ = {isa = PBXBuildFile; fileRef = 8AA62C2023C0D9000040E8A5 /* Henry Brill@3x.png */; };
		8AA62C7623C0D9000040E8A5 /* Charlotte Waltson.png in Resources */ = {isa = PBXBuildFile; fileRef = 8AA62C2123C0D9000040E8A5 /* Charlotte Waltson.png */; };
		8AA62C7723C0D9000040E8A5 /* Elvia Atkins@2x.png in Resources */ = {isa = PBXBuildFile; fileRef = 8AA62C2223C0D9000040E8A5 /* Elvia Atkins@2x.png */; };
		8AA62C7823C0D9000040E8A5 /* Johnie McConnell@2x.png in Resources */ = {isa = PBXBuildFile; fileRef = 8AA62C2323C0D9000040E8A5 /* Johnie McConnell@2x.png */; };
		8AA62C7923C0D9000040E8A5 /* Robert Tolbert.png in Resources */ = {isa = PBXBuildFile; fileRef = 8AA62C2423C0D9000040E8A5 /* Robert Tolbert.png */; };
		8AA62C7A23C0D9000040E8A5 /* Amanda Brady.png in Resources */ = {isa = PBXBuildFile; fileRef = 8AA62C2523C0D9000040E8A5 /* Amanda Brady.png */; };
		8AA62C7B23C0D9000040E8A5 /* Johnie McConnell@3x.png in Resources */ = {isa = PBXBuildFile; fileRef = 8AA62C2623C0D9000040E8A5 /* Johnie McConnell@3x.png */; };
		8AA62C7C23C0D9000040E8A5 /* Elvia Atkins@3x.png in Resources */ = {isa = PBXBuildFile; fileRef = 8AA62C2723C0D9000040E8A5 /* Elvia Atkins@3x.png */; };
		8AA62C7D23C0D9000040E8A5 /* Henry Brill@2x.png in Resources */ = {isa = PBXBuildFile; fileRef = 8AA62C2823C0D9000040E8A5 /* Henry Brill@2x.png */; };
		8AA62C7E23C0D9000040E8A5 /* Kevin Sturgis.png in Resources */ = {isa = PBXBuildFile; fileRef = 8AA62C2923C0D9000040E8A5 /* Kevin Sturgis.png */; };
		8AA62C7F23C0D9000040E8A5 /* Celeste Burton.png in Resources */ = {isa = PBXBuildFile; fileRef = 8AA62C2A23C0D9000040E8A5 /* Celeste Burton.png */; };
		8AA62C8023C0D9000040E8A5 /* Robert Tolbert@3x.png in Resources */ = {isa = PBXBuildFile; fileRef = 8AA62C2B23C0D9000040E8A5 /* Robert Tolbert@3x.png */; };
		8AA62C8123C0D9000040E8A5 /* Amanda Brady@3x.png in Resources */ = {isa = PBXBuildFile; fileRef = 8AA62C2C23C0D9000040E8A5 /* Amanda Brady@3x.png */; };
		8AA62C8223C0D9000040E8A5 /* Katri Ahokas.png in Resources */ = {isa = PBXBuildFile; fileRef = 8AA62C2D23C0D9000040E8A5 /* Katri Ahokas.png */; };
		8AA62C8323C0D9000040E8A5 /* Mauricio August@3x.png in Resources */ = {isa = PBXBuildFile; fileRef = 8AA62C2E23C0D9000040E8A5 /* Mauricio August@3x.png */; };
		8AA62C8423C0D9000040E8A5 /* Wanda Howard@3x.png in Resources */ = {isa = PBXBuildFile; fileRef = 8AA62C2F23C0D9000040E8A5 /* Wanda Howard@3x.png */; };
		8AA62C8523C0D9000040E8A5 /* Kristin Patterson@2x.png in Resources */ = {isa = PBXBuildFile; fileRef = 8AA62C3023C0D9000040E8A5 /* Kristin Patterson@2x.png */; };
		8AA62C8623C0D9000040E8A5 /* Daisy Phillips@3x.png in Resources */ = {isa = PBXBuildFile; fileRef = 8AA62C3123C0D9000040E8A5 /* Daisy Phillips@3x.png */; };
		8AA62C8723C0D9000040E8A5 /* Lydia Bauer.png in Resources */ = {isa = PBXBuildFile; fileRef = 8AA62C3223C0D9000040E8A5 /* Lydia Bauer.png */; };
		8AA62C8823C0D9000040E8A5 /* Katri Ahokas@3x.png in Resources */ = {isa = PBXBuildFile; fileRef = 8AA62C3323C0D9000040E8A5 /* Katri Ahokas@3x.png */; };
		8AA62C8923C0D9000040E8A5 /* Katri Ahokas@2x.png in Resources */ = {isa = PBXBuildFile; fileRef = 8AA62C3423C0D9000040E8A5 /* Katri Ahokas@2x.png */; };
		8AA62C8A23C0D9000040E8A5 /* Miguel Garcia.png in Resources */ = {isa = PBXBuildFile; fileRef = 8AA62C3523C0D9000040E8A5 /* Miguel Garcia.png */; };
		8AA62C8B23C0D9000040E8A5 /* Tim Deboer.png in Resources */ = {isa = PBXBuildFile; fileRef = 8AA62C3623C0D9000040E8A5 /* Tim Deboer.png */; };
		8AA62C8C23C0D9000040E8A5 /* Daisy Phillips@2x.png in Resources */ = {isa = PBXBuildFile; fileRef = 8AA62C3723C0D9000040E8A5 /* Daisy Phillips@2x.png */; };
		8AA62C8D23C0D9000040E8A5 /* Carole Poland.png in Resources */ = {isa = PBXBuildFile; fileRef = 8AA62C3823C0D9000040E8A5 /* Carole Poland.png */; };
		8AA62C8E23C0D9000040E8A5 /* Kristin Patterson.png in Resources */ = {isa = PBXBuildFile; fileRef = 8AA62C3923C0D9000040E8A5 /* Kristin Patterson.png */; };
		8AA62C8F23C0D9000040E8A5 /* Kristin Patterson@3x.png in Resources */ = {isa = PBXBuildFile; fileRef = 8AA62C3A23C0D9000040E8A5 /* Kristin Patterson@3x.png */; };
		8AA62C9023C0D9000040E8A5 /* Wanda Howard@2x.png in Resources */ = {isa = PBXBuildFile; fileRef = 8AA62C3B23C0D9000040E8A5 /* Wanda Howard@2x.png */; };
		8AA62C9123C0D9000040E8A5 /* Mauricio August.png in Resources */ = {isa = PBXBuildFile; fileRef = 8AA62C3C23C0D9000040E8A5 /* Mauricio August.png */; };
		8AA62C9223C0D9000040E8A5 /* Johnie McConnell.png in Resources */ = {isa = PBXBuildFile; fileRef = 8AA62C3D23C0D9000040E8A5 /* Johnie McConnell.png */; };
		8AA62C9323C0D9000040E8A5 /* Ashley Mc Carthy@2x.png in Resources */ = {isa = PBXBuildFile; fileRef = 8AA62C3E23C0D9000040E8A5 /* Ashley Mc Carthy@2x.png */; };
		8AA62C9423C0D9000040E8A5 /* Celeste Burton@3x.png in Resources */ = {isa = PBXBuildFile; fileRef = 8AA62C3F23C0D9000040E8A5 /* Celeste Burton@3x.png */; };
		8AA62C9523C0D9000040E8A5 /* Lydia Bauer@3x.png in Resources */ = {isa = PBXBuildFile; fileRef = 8AA62C4023C0D9000040E8A5 /* Lydia Bauer@3x.png */; };
		8AA62C9623C0D9000040E8A5 /* Kat larsson.png in Resources */ = {isa = PBXBuildFile; fileRef = 8AA62C4123C0D9000040E8A5 /* Kat larsson.png */; };
		8AA62C9723C0D9000040E8A5 /* Mona Kane@2x.png in Resources */ = {isa = PBXBuildFile; fileRef = 8AA62C4223C0D9000040E8A5 /* Mona Kane@2x.png */; };
		8AA62C9823C0D9000040E8A5 /* Isaac Fielder@2x.png in Resources */ = {isa = PBXBuildFile; fileRef = 8AA62C4323C0D9000040E8A5 /* Isaac Fielder@2x.png */; };
		8AA62C9923C0D9000040E8A5 /* Elliot Woodward@3x.png in Resources */ = {isa = PBXBuildFile; fileRef = 8AA62C4423C0D9000040E8A5 /* Elliot Woodward@3x.png */; };
		8AA62C9A23C0D9000040E8A5 /* Erik Nason.png in Resources */ = {isa = PBXBuildFile; fileRef = 8AA62C4523C0D9000040E8A5 /* Erik Nason.png */; };
		8AA62C9B23C0D9000040E8A5 /* Elvia Atkins.png in Resources */ = {isa = PBXBuildFile; fileRef = 8AA62C4623C0D9000040E8A5 /* Elvia Atkins.png */; };
		8AA62C9C23C0D9000040E8A5 /* Carlos Slattery@2x.png in Resources */ = {isa = PBXBuildFile; fileRef = 8AA62C4723C0D9000040E8A5 /* Carlos Slattery@2x.png */; };
		8AA62C9D23C0D9000040E8A5 /* Carole Poland@3x.png in Resources */ = {isa = PBXBuildFile; fileRef = 8AA62C4823C0D9000040E8A5 /* Carole Poland@3x.png */; };
		8AA62C9E23C0D9000040E8A5 /* Kevin Sturgis@3x.png in Resources */ = {isa = PBXBuildFile; fileRef = 8AA62C4923C0D9000040E8A5 /* Kevin Sturgis@3x.png */; };
		8AA62C9F23C0D9000040E8A5 /* Kevin Sturgis@2x.png in Resources */ = {isa = PBXBuildFile; fileRef = 8AA62C4A23C0D9000040E8A5 /* Kevin Sturgis@2x.png */; };
		8AA62CA023C0D9000040E8A5 /* Carlos Slattery@3x.png in Resources */ = {isa = PBXBuildFile; fileRef = 8AA62C4B23C0D9000040E8A5 /* Carlos Slattery@3x.png */; };
		8AA62CA123C0D9000040E8A5 /* Carole Poland@2x.png in Resources */ = {isa = PBXBuildFile; fileRef = 8AA62C4C23C0D9000040E8A5 /* Carole Poland@2x.png */; };
		8AA62CA223C0D9000040E8A5 /* Cecil Folk.png in Resources */ = {isa = PBXBuildFile; fileRef = 8AA62C4D23C0D9000040E8A5 /* Cecil Folk.png */; };
		8AA62CA323C0D9000040E8A5 /* Elliot Woodward@2x.png in Resources */ = {isa = PBXBuildFile; fileRef = 8AA62C4E23C0D9000040E8A5 /* Elliot Woodward@2x.png */; };
		8AA62CA423C0D9000040E8A5 /* Isaac Fielder@3x.png in Resources */ = {isa = PBXBuildFile; fileRef = 8AA62C4F23C0D9000040E8A5 /* Isaac Fielder@3x.png */; };
		8AA62CA523C0D9000040E8A5 /* Mona Kane@3x.png in Resources */ = {isa = PBXBuildFile; fileRef = 8AA62C5023C0D9000040E8A5 /* Mona Kane@3x.png */; };
		8AA62CA623C0D9000040E8A5 /* Celeste Burton@2x.png in Resources */ = {isa = PBXBuildFile; fileRef = 8AA62C5123C0D9000040E8A5 /* Celeste Burton@2x.png */; };
		8AA62CA723C0D9000040E8A5 /* Lydia Bauer@2x.png in Resources */ = {isa = PBXBuildFile; fileRef = 8AA62C5223C0D9000040E8A5 /* Lydia Bauer@2x.png */; };
		8AA62CA823C0D9000040E8A5 /* Ashley Mc Carthy@3x.png in Resources */ = {isa = PBXBuildFile; fileRef = 8AA62C5323C0D9000040E8A5 /* Ashley Mc Carthy@3x.png */; };
		8AA62CA923C0D9000040E8A5 /* Wanda Howard.png in Resources */ = {isa = PBXBuildFile; fileRef = 8AA62C5423C0D9000040E8A5 /* Wanda Howard.png */; };
		8AA62CAA23C0D9000040E8A5 /* Colin Ballinger@2x.png in Resources */ = {isa = PBXBuildFile; fileRef = 8AA62C5523C0D9000040E8A5 /* Colin Ballinger@2x.png */; };
		8AA62CAB23C0D9000040E8A5 /* Kat larsson@2x.png in Resources */ = {isa = PBXBuildFile; fileRef = 8AA62C5623C0D9000040E8A5 /* Kat larsson@2x.png */; };
		8AA62CAC23C0D9000040E8A5 /* Elliot Woodward.png in Resources */ = {isa = PBXBuildFile; fileRef = 8AA62C5723C0D9000040E8A5 /* Elliot Woodward.png */; };
		8AA62CAD23C0D9000040E8A5 /* Cecil Folk@3x.png in Resources */ = {isa = PBXBuildFile; fileRef = 8AA62C5823C0D9000040E8A5 /* Cecil Folk@3x.png */; };
		8AA62CAE23C0D9000040E8A5 /* Carlos Slattery.png in Resources */ = {isa = PBXBuildFile; fileRef = 8AA62C5923C0D9000040E8A5 /* Carlos Slattery.png */; };
		8AA62CAF23C0D9000040E8A5 /* Tim Deboer@3x.png in Resources */ = {isa = PBXBuildFile; fileRef = 8AA62C5A23C0D9000040E8A5 /* Tim Deboer@3x.png */; };
		8AA62CB023C0D9000040E8A5 /* Charlotte Waltson@3x.png in Resources */ = {isa = PBXBuildFile; fileRef = 8AA62C5B23C0D9000040E8A5 /* Charlotte Waltson@3x.png */; };
		8AA62CB123C0D9000040E8A5 /* Robin Counts@2x.png in Resources */ = {isa = PBXBuildFile; fileRef = 8AA62C5C23C0D9000040E8A5 /* Robin Counts@2x.png */; };
		8AA62CB223C0D9000040E8A5 /* Isaac Fielder.png in Resources */ = {isa = PBXBuildFile; fileRef = 8AA62C5D23C0D9000040E8A5 /* Isaac Fielder.png */; };
		8AA62CB323C0D9000040E8A5 /* Allan Munger@3x.png in Resources */ = {isa = PBXBuildFile; fileRef = 8AA62C5E23C0D9000040E8A5 /* Allan Munger@3x.png */; };
		8AA62CB423C0D9000040E8A5 /* Miguel Garcia@2x.png in Resources */ = {isa = PBXBuildFile; fileRef = 8AA62C5F23C0D9000040E8A5 /* Miguel Garcia@2x.png */; };
		8AA62CB523C0D9000040E8A5 /* Erik Nason@3x.png in Resources */ = {isa = PBXBuildFile; fileRef = 8AA62C6023C0D9000040E8A5 /* Erik Nason@3x.png */; };
		8AA62CB623C0D9000040E8A5 /* Daisy Phillips.png in Resources */ = {isa = PBXBuildFile; fileRef = 8AA62C6123C0D9000040E8A5 /* Daisy Phillips.png */; };
		8AA62CB723C0D9000040E8A5 /* Mona Kane.png in Resources */ = {isa = PBXBuildFile; fileRef = 8AA62C6223C0D9000040E8A5 /* Mona Kane.png */; };
		8AA62CB823C0D9000040E8A5 /* Erik Nason@2x.png in Resources */ = {isa = PBXBuildFile; fileRef = 8AA62C6323C0D9000040E8A5 /* Erik Nason@2x.png */; };
		8AA62CB923C0D9000040E8A5 /* Miguel Garcia@3x.png in Resources */ = {isa = PBXBuildFile; fileRef = 8AA62C6423C0D9000040E8A5 /* Miguel Garcia@3x.png */; };
		8AA62CBA23C0D9000040E8A5 /* Allan Munger@2x.png in Resources */ = {isa = PBXBuildFile; fileRef = 8AA62C6523C0D9000040E8A5 /* Allan Munger@2x.png */; };
		8AA62CBB23C0D9000040E8A5 /* Allan Munger.png in Resources */ = {isa = PBXBuildFile; fileRef = 8AA62C6623C0D9000040E8A5 /* Allan Munger.png */; };
		8AA62CBC23C0D9000040E8A5 /* Charlotte Waltson@2x.png in Resources */ = {isa = PBXBuildFile; fileRef = 8AA62C6723C0D9000040E8A5 /* Charlotte Waltson@2x.png */; };
		8AA62CBD23C0D9000040E8A5 /* Robin Counts@3x.png in Resources */ = {isa = PBXBuildFile; fileRef = 8AA62C6823C0D9000040E8A5 /* Robin Counts@3x.png */; };
		8AA62CBE23C0D9000040E8A5 /* Tim Deboer@2x.png in Resources */ = {isa = PBXBuildFile; fileRef = 8AA62C6923C0D9000040E8A5 /* Tim Deboer@2x.png */; };
		8AA62CBF23C0D9000040E8A5 /* Colin Ballinger.png in Resources */ = {isa = PBXBuildFile; fileRef = 8AA62C6A23C0D9000040E8A5 /* Colin Ballinger.png */; };
		8AA62CC023C0D9000040E8A5 /* Cecil Folk@2x.png in Resources */ = {isa = PBXBuildFile; fileRef = 8AA62C6B23C0D9000040E8A5 /* Cecil Folk@2x.png */; };
		8AA62CC123C0D9000040E8A5 /* contacts.json in Resources */ = {isa = PBXBuildFile; fileRef = 8AA62C6C23C0D9000040E8A5 /* contacts.json */; };
		8AA62CC223C0D9000040E8A5 /* Kat larsson@3x.png in Resources */ = {isa = PBXBuildFile; fileRef = 8AA62C6D23C0D9000040E8A5 /* Kat larsson@3x.png */; };
		8AA62CC323C0D9000040E8A5 /* Robin Counts.png in Resources */ = {isa = PBXBuildFile; fileRef = 8AA62C6E23C0D9000040E8A5 /* Robin Counts.png */; };
		8AA62CC423C0D9000040E8A5 /* Colin Ballinger@3x.png in Resources */ = {isa = PBXBuildFile; fileRef = 8AA62C6F23C0D9000040E8A5 /* Colin Ballinger@3x.png */; };
		8AA62CC623C0F5E00040E8A5 /* ProfileInfoCell.swift in Sources */ = {isa = PBXBuildFile; fileRef = 8AA62CC523C0F5E00040E8A5 /* ProfileInfoCell.swift */; };
		8AA62CCC23C24B300040E8A5 /* ProfileImageCollectionLayout.swift in Sources */ = {isa = PBXBuildFile; fileRef = 8AA62CCB23C24B300040E8A5 /* ProfileImageCollectionLayout.swift */; };
		8AB2682D23BFA07000D94AE4 /* Profile.swift in Sources */ = {isa = PBXBuildFile; fileRef = 8AB2682C23BFA07000D94AE4 /* Profile.swift */; };
		8AB2683323BFF8B000D94AE4 /* ProfileImageCell.swift in Sources */ = {isa = PBXBuildFile; fileRef = 8AB2683223BFF8B000D94AE4 /* ProfileImageCell.swift */; };
		8AC2700C24423BD000A7B8F1 /* Dylan Liu.png in Resources */ = {isa = PBXBuildFile; fileRef = 8AC2700A24423BD000A7B8F1 /* Dylan Liu.png */; };
		8AC2700D24423BD000A7B8F1 /* Dylan Liu@2x.png in Resources */ = {isa = PBXBuildFile; fileRef = 8AC2700B24423BD000A7B8F1 /* Dylan Liu@2x.png */; };
		8AFF20A923FF1310006A81EE /* JsonParsingTest.swift in Sources */ = {isa = PBXBuildFile; fileRef = 8AFF20A823FF1310006A81EE /* JsonParsingTest.swift */; };
		8AFF20B023FF1320006A81EE /* contacts.json in Resources */ = {isa = PBXBuildFile; fileRef = 8AA62C6C23C0D9000040E8A5 /* contacts.json */; };
		8AFF20B823FF2A58006A81EE /* ContactsUITests.swift in Sources */ = {isa = PBXBuildFile; fileRef = 8AFF20B723FF2A58006A81EE /* ContactsUITests.swift */; };
/* End PBXBuildFile section */

/* Begin PBXContainerItemProxy section */
		8AFF20AB23FF1310006A81EE /* PBXContainerItemProxy */ = {
			isa = PBXContainerItemProxy;
			containerPortal = 8A34BFE123BF96B5006B560E /* Project object */;
			proxyType = 1;
			remoteGlobalIDString = 8A34BFE823BF96B5006B560E;
			remoteInfo = Contacts;
		};
		8AFF20BA23FF2A58006A81EE /* PBXContainerItemProxy */ = {
			isa = PBXContainerItemProxy;
			containerPortal = 8A34BFE123BF96B5006B560E /* Project object */;
			proxyType = 1;
			remoteGlobalIDString = 8A34BFE823BF96B5006B560E;
			remoteInfo = Contacts;
		};
/* End PBXContainerItemProxy section */

/* Begin PBXFileReference section */
		8A34BFE923BF96B5006B560E /* Contacts.app */ = {isa = PBXFileReference; explicitFileType = wrapper.application; includeInIndex = 0; path = Contacts.app; sourceTree = BUILT_PRODUCTS_DIR; };
		8A34BFEC23BF96B5006B560E /* AppDelegate.swift */ = {isa = PBXFileReference; lastKnownFileType = sourcecode.swift; path = AppDelegate.swift; sourceTree = "<group>"; };
		8A34BFEE23BF96B5006B560E /* SceneDelegate.swift */ = {isa = PBXFileReference; lastKnownFileType = sourcecode.swift; path = SceneDelegate.swift; sourceTree = "<group>"; };
		8A34BFF523BF96B7006B560E /* Assets.xcassets */ = {isa = PBXFileReference; lastKnownFileType = folder.assetcatalog; path = Assets.xcassets; sourceTree = "<group>"; };
		8A34BFF823BF96B7006B560E /* Base */ = {isa = PBXFileReference; lastKnownFileType = file.storyboard; name = Base; path = Base.lproj/LaunchScreen.storyboard; sourceTree = "<group>"; };
		8A34BFFA23BF96B7006B560E /* Info.plist */ = {isa = PBXFileReference; lastKnownFileType = text.plist.xml; path = Info.plist; sourceTree = "<group>"; };
		8A438A882440DD2E00B65BB1 /* HomeViewController.swift */ = {isa = PBXFileReference; lastKnownFileType = sourcecode.swift; path = HomeViewController.swift; sourceTree = "<group>"; };
		8A438A8A2440DD4C00B65BB1 /* ImageCollectionViewController.swift */ = {isa = PBXFileReference; lastKnownFileType = sourcecode.swift; path = ImageCollectionViewController.swift; sourceTree = "<group>"; };
		8A438A8C2440DD6A00B65BB1 /* InfoCollectionViewController.swift */ = {isa = PBXFileReference; lastKnownFileType = sourcecode.swift; path = InfoCollectionViewController.swift; sourceTree = "<group>"; };
		8A438A8F2440E93400B65BB1 /* Extensions.swift */ = {isa = PBXFileReference; lastKnownFileType = sourcecode.swift; path = Extensions.swift; sourceTree = "<group>"; };
		8A438A922440ECB300B65BB1 /* SynchronizedScrollingDelegate.swift */ = {isa = PBXFileReference; lastKnownFileType = sourcecode.swift; path = SynchronizedScrollingDelegate.swift; sourceTree = "<group>"; };
		8A438A94244102EF00B65BB1 /* Default-568h@2x.png */ = {isa = PBXFileReference; lastKnownFileType = image.png; path = "Default-568h@2x.png"; sourceTree = "<group>"; };
		8A5279492443D6AD00E13ABA /* Main.storyboard */ = {isa = PBXFileReference; fileEncoding = 4; lastKnownFileType = file.storyboard; name = Main.storyboard; path = "../../../../../Library/Mobile Documents/com~apple~CloudDocs/.Trash/Main.storyboard"; sourceTree = "<group>"; };
		8A52794C2443DCC800E13ABA /* Main.storyboard */ = {isa = PBXFileReference; lastKnownFileType = file.storyboard; path = Main.storyboard; sourceTree = "<group>"; };
		8AA62C1B23C0D9000040E8A5 /* Mauricio August@2x.png */ = {isa = PBXFileReference; lastKnownFileType = image.png; path = "Mauricio August@2x.png"; sourceTree = "<group>"; };
		8AA62C1C23C0D9000040E8A5 /* Ashley Mc Carthy.png */ = {isa = PBXFileReference; lastKnownFileType = image.png; path = "Ashley Mc Carthy.png"; sourceTree = "<group>"; };
		8AA62C1D23C0D9000040E8A5 /* Henry Brill.png */ = {isa = PBXFileReference; lastKnownFileType = image.png; path = "Henry Brill.png"; sourceTree = "<group>"; };
		8AA62C1E23C0D9000040E8A5 /* Amanda Brady@2x.png */ = {isa = PBXFileReference; lastKnownFileType = image.png; path = "Amanda Brady@2x.png"; sourceTree = "<group>"; };
		8AA62C1F23C0D9000040E8A5 /* Robert Tolbert@2x.png */ = {isa = PBXFileReference; lastKnownFileType = image.png; path = "Robert Tolbert@2x.png"; sourceTree = "<group>"; };
		8AA62C2023C0D9000040E8A5 /* Henry Brill@3x.png */ = {isa = PBXFileReference; lastKnownFileType = image.png; path = "Henry Brill@3x.png"; sourceTree = "<group>"; };
		8AA62C2123C0D9000040E8A5 /* Charlotte Waltson.png */ = {isa = PBXFileReference; lastKnownFileType = image.png; path = "Charlotte Waltson.png"; sourceTree = "<group>"; };
		8AA62C2223C0D9000040E8A5 /* Elvia Atkins@2x.png */ = {isa = PBXFileReference; lastKnownFileType = image.png; path = "Elvia Atkins@2x.png"; sourceTree = "<group>"; };
		8AA62C2323C0D9000040E8A5 /* Johnie McConnell@2x.png */ = {isa = PBXFileReference; lastKnownFileType = image.png; path = "Johnie McConnell@2x.png"; sourceTree = "<group>"; };
		8AA62C2423C0D9000040E8A5 /* Robert Tolbert.png */ = {isa = PBXFileReference; lastKnownFileType = image.png; path = "Robert Tolbert.png"; sourceTree = "<group>"; };
		8AA62C2523C0D9000040E8A5 /* Amanda Brady.png */ = {isa = PBXFileReference; lastKnownFileType = image.png; path = "Amanda Brady.png"; sourceTree = "<group>"; };
		8AA62C2623C0D9000040E8A5 /* Johnie McConnell@3x.png */ = {isa = PBXFileReference; lastKnownFileType = image.png; path = "Johnie McConnell@3x.png"; sourceTree = "<group>"; };
		8AA62C2723C0D9000040E8A5 /* Elvia Atkins@3x.png */ = {isa = PBXFileReference; lastKnownFileType = image.png; path = "Elvia Atkins@3x.png"; sourceTree = "<group>"; };
		8AA62C2823C0D9000040E8A5 /* Henry Brill@2x.png */ = {isa = PBXFileReference; lastKnownFileType = image.png; path = "Henry Brill@2x.png"; sourceTree = "<group>"; };
		8AA62C2923C0D9000040E8A5 /* Kevin Sturgis.png */ = {isa = PBXFileReference; lastKnownFileType = image.png; path = "Kevin Sturgis.png"; sourceTree = "<group>"; };
		8AA62C2A23C0D9000040E8A5 /* Celeste Burton.png */ = {isa = PBXFileReference; lastKnownFileType = image.png; path = "Celeste Burton.png"; sourceTree = "<group>"; };
		8AA62C2B23C0D9000040E8A5 /* Robert Tolbert@3x.png */ = {isa = PBXFileReference; lastKnownFileType = image.png; path = "Robert Tolbert@3x.png"; sourceTree = "<group>"; };
		8AA62C2C23C0D9000040E8A5 /* Amanda Brady@3x.png */ = {isa = PBXFileReference; lastKnownFileType = image.png; path = "Amanda Brady@3x.png"; sourceTree = "<group>"; };
		8AA62C2D23C0D9000040E8A5 /* Katri Ahokas.png */ = {isa = PBXFileReference; lastKnownFileType = image.png; path = "Katri Ahokas.png"; sourceTree = "<group>"; };
		8AA62C2E23C0D9000040E8A5 /* Mauricio August@3x.png */ = {isa = PBXFileReference; lastKnownFileType = image.png; path = "Mauricio August@3x.png"; sourceTree = "<group>"; };
		8AA62C2F23C0D9000040E8A5 /* Wanda Howard@3x.png */ = {isa = PBXFileReference; lastKnownFileType = image.png; path = "Wanda Howard@3x.png"; sourceTree = "<group>"; };
		8AA62C3023C0D9000040E8A5 /* Kristin Patterson@2x.png */ = {isa = PBXFileReference; lastKnownFileType = image.png; path = "Kristin Patterson@2x.png"; sourceTree = "<group>"; };
		8AA62C3123C0D9000040E8A5 /* Daisy Phillips@3x.png */ = {isa = PBXFileReference; lastKnownFileType = image.png; path = "Daisy Phillips@3x.png"; sourceTree = "<group>"; };
		8AA62C3223C0D9000040E8A5 /* Lydia Bauer.png */ = {isa = PBXFileReference; lastKnownFileType = image.png; path = "Lydia Bauer.png"; sourceTree = "<group>"; };
		8AA62C3323C0D9000040E8A5 /* Katri Ahokas@3x.png */ = {isa = PBXFileReference; lastKnownFileType = image.png; path = "Katri Ahokas@3x.png"; sourceTree = "<group>"; };
		8AA62C3423C0D9000040E8A5 /* Katri Ahokas@2x.png */ = {isa = PBXFileReference; lastKnownFileType = image.png; path = "Katri Ahokas@2x.png"; sourceTree = "<group>"; };
		8AA62C3523C0D9000040E8A5 /* Miguel Garcia.png */ = {isa = PBXFileReference; lastKnownFileType = image.png; path = "Miguel Garcia.png"; sourceTree = "<group>"; };
		8AA62C3623C0D9000040E8A5 /* Tim Deboer.png */ = {isa = PBXFileReference; lastKnownFileType = image.png; path = "Tim Deboer.png"; sourceTree = "<group>"; };
		8AA62C3723C0D9000040E8A5 /* Daisy Phillips@2x.png */ = {isa = PBXFileReference; lastKnownFileType = image.png; path = "Daisy Phillips@2x.png"; sourceTree = "<group>"; };
		8AA62C3823C0D9000040E8A5 /* Carole Poland.png */ = {isa = PBXFileReference; lastKnownFileType = image.png; path = "Carole Poland.png"; sourceTree = "<group>"; };
		8AA62C3923C0D9000040E8A5 /* Kristin Patterson.png */ = {isa = PBXFileReference; lastKnownFileType = image.png; path = "Kristin Patterson.png"; sourceTree = "<group>"; };
		8AA62C3A23C0D9000040E8A5 /* Kristin Patterson@3x.png */ = {isa = PBXFileReference; lastKnownFileType = image.png; path = "Kristin Patterson@3x.png"; sourceTree = "<group>"; };
		8AA62C3B23C0D9000040E8A5 /* Wanda Howard@2x.png */ = {isa = PBXFileReference; lastKnownFileType = image.png; path = "Wanda Howard@2x.png"; sourceTree = "<group>"; };
		8AA62C3C23C0D9000040E8A5 /* Mauricio August.png */ = {isa = PBXFileReference; lastKnownFileType = image.png; path = "Mauricio August.png"; sourceTree = "<group>"; };
		8AA62C3D23C0D9000040E8A5 /* Johnie McConnell.png */ = {isa = PBXFileReference; lastKnownFileType = image.png; path = "Johnie McConnell.png"; sourceTree = "<group>"; };
		8AA62C3E23C0D9000040E8A5 /* Ashley Mc Carthy@2x.png */ = {isa = PBXFileReference; lastKnownFileType = image.png; path = "Ashley Mc Carthy@2x.png"; sourceTree = "<group>"; };
		8AA62C3F23C0D9000040E8A5 /* Celeste Burton@3x.png */ = {isa = PBXFileReference; lastKnownFileType = image.png; path = "Celeste Burton@3x.png"; sourceTree = "<group>"; };
		8AA62C4023C0D9000040E8A5 /* Lydia Bauer@3x.png */ = {isa = PBXFileReference; lastKnownFileType = image.png; path = "Lydia Bauer@3x.png"; sourceTree = "<group>"; };
		8AA62C4123C0D9000040E8A5 /* Kat larsson.png */ = {isa = PBXFileReference; lastKnownFileType = image.png; path = "Kat larsson.png"; sourceTree = "<group>"; };
		8AA62C4223C0D9000040E8A5 /* Mona Kane@2x.png */ = {isa = PBXFileReference; lastKnownFileType = image.png; path = "Mona Kane@2x.png"; sourceTree = "<group>"; };
		8AA62C4323C0D9000040E8A5 /* Isaac Fielder@2x.png */ = {isa = PBXFileReference; lastKnownFileType = image.png; path = "Isaac Fielder@2x.png"; sourceTree = "<group>"; };
		8AA62C4423C0D9000040E8A5 /* Elliot Woodward@3x.png */ = {isa = PBXFileReference; lastKnownFileType = image.png; path = "Elliot Woodward@3x.png"; sourceTree = "<group>"; };
		8AA62C4523C0D9000040E8A5 /* Erik Nason.png */ = {isa = PBXFileReference; lastKnownFileType = image.png; path = "Erik Nason.png"; sourceTree = "<group>"; };
		8AA62C4623C0D9000040E8A5 /* Elvia Atkins.png */ = {isa = PBXFileReference; lastKnownFileType = image.png; path = "Elvia Atkins.png"; sourceTree = "<group>"; };
		8AA62C4723C0D9000040E8A5 /* Carlos Slattery@2x.png */ = {isa = PBXFileReference; lastKnownFileType = image.png; path = "Carlos Slattery@2x.png"; sourceTree = "<group>"; };
		8AA62C4823C0D9000040E8A5 /* Carole Poland@3x.png */ = {isa = PBXFileReference; lastKnownFileType = image.png; path = "Carole Poland@3x.png"; sourceTree = "<group>"; };
		8AA62C4923C0D9000040E8A5 /* Kevin Sturgis@3x.png */ = {isa = PBXFileReference; lastKnownFileType = image.png; path = "Kevin Sturgis@3x.png"; sourceTree = "<group>"; };
		8AA62C4A23C0D9000040E8A5 /* Kevin Sturgis@2x.png */ = {isa = PBXFileReference; lastKnownFileType = image.png; path = "Kevin Sturgis@2x.png"; sourceTree = "<group>"; };
		8AA62C4B23C0D9000040E8A5 /* Carlos Slattery@3x.png */ = {isa = PBXFileReference; lastKnownFileType = image.png; path = "Carlos Slattery@3x.png"; sourceTree = "<group>"; };
		8AA62C4C23C0D9000040E8A5 /* Carole Poland@2x.png */ = {isa = PBXFileReference; lastKnownFileType = image.png; path = "Carole Poland@2x.png"; sourceTree = "<group>"; };
		8AA62C4D23C0D9000040E8A5 /* Cecil Folk.png */ = {isa = PBXFileReference; lastKnownFileType = image.png; path = "Cecil Folk.png"; sourceTree = "<group>"; };
		8AA62C4E23C0D9000040E8A5 /* Elliot Woodward@2x.png */ = {isa = PBXFileReference; lastKnownFileType = image.png; path = "Elliot Woodward@2x.png"; sourceTree = "<group>"; };
		8AA62C4F23C0D9000040E8A5 /* Isaac Fielder@3x.png */ = {isa = PBXFileReference; lastKnownFileType = image.png; path = "Isaac Fielder@3x.png"; sourceTree = "<group>"; };
		8AA62C5023C0D9000040E8A5 /* Mona Kane@3x.png */ = {isa = PBXFileReference; lastKnownFileType = image.png; path = "Mona Kane@3x.png"; sourceTree = "<group>"; };
		8AA62C5123C0D9000040E8A5 /* Celeste Burton@2x.png */ = {isa = PBXFileReference; lastKnownFileType = image.png; path = "Celeste Burton@2x.png"; sourceTree = "<group>"; };
		8AA62C5223C0D9000040E8A5 /* Lydia Bauer@2x.png */ = {isa = PBXFileReference; lastKnownFileType = image.png; path = "Lydia Bauer@2x.png"; sourceTree = "<group>"; };
		8AA62C5323C0D9000040E8A5 /* Ashley Mc Carthy@3x.png */ = {isa = PBXFileReference; lastKnownFileType = image.png; path = "Ashley Mc Carthy@3x.png"; sourceTree = "<group>"; };
		8AA62C5423C0D9000040E8A5 /* Wanda Howard.png */ = {isa = PBXFileReference; lastKnownFileType = image.png; path = "Wanda Howard.png"; sourceTree = "<group>"; };
		8AA62C5523C0D9000040E8A5 /* Colin Ballinger@2x.png */ = {isa = PBXFileReference; lastKnownFileType = image.png; path = "Colin Ballinger@2x.png"; sourceTree = "<group>"; };
		8AA62C5623C0D9000040E8A5 /* Kat larsson@2x.png */ = {isa = PBXFileReference; lastKnownFileType = image.png; path = "Kat larsson@2x.png"; sourceTree = "<group>"; };
		8AA62C5723C0D9000040E8A5 /* Elliot Woodward.png */ = {isa = PBXFileReference; lastKnownFileType = image.png; path = "Elliot Woodward.png"; sourceTree = "<group>"; };
		8AA62C5823C0D9000040E8A5 /* Cecil Folk@3x.png */ = {isa = PBXFileReference; lastKnownFileType = image.png; path = "Cecil Folk@3x.png"; sourceTree = "<group>"; };
		8AA62C5923C0D9000040E8A5 /* Carlos Slattery.png */ = {isa = PBXFileReference; lastKnownFileType = image.png; path = "Carlos Slattery.png"; sourceTree = "<group>"; };
		8AA62C5A23C0D9000040E8A5 /* Tim Deboer@3x.png */ = {isa = PBXFileReference; lastKnownFileType = image.png; path = "Tim Deboer@3x.png"; sourceTree = "<group>"; };
		8AA62C5B23C0D9000040E8A5 /* Charlotte Waltson@3x.png */ = {isa = PBXFileReference; lastKnownFileType = image.png; path = "Charlotte Waltson@3x.png"; sourceTree = "<group>"; };
		8AA62C5C23C0D9000040E8A5 /* Robin Counts@2x.png */ = {isa = PBXFileReference; lastKnownFileType = image.png; path = "Robin Counts@2x.png"; sourceTree = "<group>"; };
		8AA62C5D23C0D9000040E8A5 /* Isaac Fielder.png */ = {isa = PBXFileReference; lastKnownFileType = image.png; path = "Isaac Fielder.png"; sourceTree = "<group>"; };
		8AA62C5E23C0D9000040E8A5 /* Allan Munger@3x.png */ = {isa = PBXFileReference; lastKnownFileType = image.png; path = "Allan Munger@3x.png"; sourceTree = "<group>"; };
		8AA62C5F23C0D9000040E8A5 /* Miguel Garcia@2x.png */ = {isa = PBXFileReference; lastKnownFileType = image.png; path = "Miguel Garcia@2x.png"; sourceTree = "<group>"; };
		8AA62C6023C0D9000040E8A5 /* Erik Nason@3x.png */ = {isa = PBXFileReference; lastKnownFileType = image.png; path = "Erik Nason@3x.png"; sourceTree = "<group>"; };
		8AA62C6123C0D9000040E8A5 /* Daisy Phillips.png */ = {isa = PBXFileReference; lastKnownFileType = image.png; path = "Daisy Phillips.png"; sourceTree = "<group>"; };
		8AA62C6223C0D9000040E8A5 /* Mona Kane.png */ = {isa = PBXFileReference; lastKnownFileType = image.png; path = "Mona Kane.png"; sourceTree = "<group>"; };
		8AA62C6323C0D9000040E8A5 /* Erik Nason@2x.png */ = {isa = PBXFileReference; lastKnownFileType = image.png; path = "Erik Nason@2x.png"; sourceTree = "<group>"; };
		8AA62C6423C0D9000040E8A5 /* Miguel Garcia@3x.png */ = {isa = PBXFileReference; lastKnownFileType = image.png; path = "Miguel Garcia@3x.png"; sourceTree = "<group>"; };
		8AA62C6523C0D9000040E8A5 /* Allan Munger@2x.png */ = {isa = PBXFileReference; lastKnownFileType = image.png; path = "Allan Munger@2x.png"; sourceTree = "<group>"; };
		8AA62C6623C0D9000040E8A5 /* Allan Munger.png */ = {isa = PBXFileReference; lastKnownFileType = image.png; path = "Allan Munger.png"; sourceTree = "<group>"; };
		8AA62C6723C0D9000040E8A5 /* Charlotte Waltson@2x.png */ = {isa = PBXFileReference; lastKnownFileType = image.png; path = "Charlotte Waltson@2x.png"; sourceTree = "<group>"; };
		8AA62C6823C0D9000040E8A5 /* Robin Counts@3x.png */ = {isa = PBXFileReference; lastKnownFileType = image.png; path = "Robin Counts@3x.png"; sourceTree = "<group>"; };
		8AA62C6923C0D9000040E8A5 /* Tim Deboer@2x.png */ = {isa = PBXFileReference; lastKnownFileType = image.png; path = "Tim Deboer@2x.png"; sourceTree = "<group>"; };
		8AA62C6A23C0D9000040E8A5 /* Colin Ballinger.png */ = {isa = PBXFileReference; lastKnownFileType = image.png; path = "Colin Ballinger.png"; sourceTree = "<group>"; };
		8AA62C6B23C0D9000040E8A5 /* Cecil Folk@2x.png */ = {isa = PBXFileReference; lastKnownFileType = image.png; path = "Cecil Folk@2x.png"; sourceTree = "<group>"; };
		8AA62C6C23C0D9000040E8A5 /* contacts.json */ = {isa = PBXFileReference; fileEncoding = 4; lastKnownFileType = text.json; path = contacts.json; sourceTree = "<group>"; };
		8AA62C6D23C0D9000040E8A5 /* Kat larsson@3x.png */ = {isa = PBXFileReference; lastKnownFileType = image.png; path = "Kat larsson@3x.png"; sourceTree = "<group>"; };
		8AA62C6E23C0D9000040E8A5 /* Robin Counts.png */ = {isa = PBXFileReference; lastKnownFileType = image.png; path = "Robin Counts.png"; sourceTree = "<group>"; };
		8AA62C6F23C0D9000040E8A5 /* Colin Ballinger@3x.png */ = {isa = PBXFileReference; lastKnownFileType = image.png; path = "Colin Ballinger@3x.png"; sourceTree = "<group>"; };
		8AA62CC523C0F5E00040E8A5 /* ProfileInfoCell.swift */ = {isa = PBXFileReference; lastKnownFileType = sourcecode.swift; path = ProfileInfoCell.swift; sourceTree = "<group>"; };
		8AA62CCB23C24B300040E8A5 /* ProfileImageCollectionLayout.swift */ = {isa = PBXFileReference; lastKnownFileType = sourcecode.swift; path = ProfileImageCollectionLayout.swift; sourceTree = "<group>"; };
		8AB2682C23BFA07000D94AE4 /* Profile.swift */ = {isa = PBXFileReference; lastKnownFileType = sourcecode.swift; name = Profile.swift; path = Contacts/Model/Profile.swift; sourceTree = SOURCE_ROOT; };
		8AB2683223BFF8B000D94AE4 /* ProfileImageCell.swift */ = {isa = PBXFileReference; lastKnownFileType = sourcecode.swift; path = ProfileImageCell.swift; sourceTree = "<group>"; };
		8AC2700A24423BD000A7B8F1 /* Dylan Liu.png */ = {isa = PBXFileReference; lastKnownFileType = image.png; name = "Dylan Liu.png"; path = "../../../../../Desktop/Dylan Liu.png"; sourceTree = "<group>"; };
		8AC2700B24423BD000A7B8F1 /* Dylan Liu@2x.png */ = {isa = PBXFileReference; lastKnownFileType = image.png; name = "Dylan Liu@2x.png"; path = "../../../../../Desktop/Dylan Liu@2x.png"; sourceTree = "<group>"; };
		8AFF20A623FF1310006A81EE /* JsonParsingTest.xctest */ = {isa = PBXFileReference; explicitFileType = wrapper.cfbundle; includeInIndex = 0; path = JsonParsingTest.xctest; sourceTree = BUILT_PRODUCTS_DIR; };
		8AFF20A823FF1310006A81EE /* JsonParsingTest.swift */ = {isa = PBXFileReference; lastKnownFileType = sourcecode.swift; path = JsonParsingTest.swift; sourceTree = "<group>"; };
		8AFF20AA23FF1310006A81EE /* Info.plist */ = {isa = PBXFileReference; lastKnownFileType = text.plist.xml; path = Info.plist; sourceTree = "<group>"; };
		8AFF20B523FF2A58006A81EE /* ContactsUITests.xctest */ = {isa = PBXFileReference; explicitFileType = wrapper.cfbundle; includeInIndex = 0; path = ContactsUITests.xctest; sourceTree = BUILT_PRODUCTS_DIR; };
		8AFF20B723FF2A58006A81EE /* ContactsUITests.swift */ = {isa = PBXFileReference; lastKnownFileType = sourcecode.swift; path = ContactsUITests.swift; sourceTree = "<group>"; };
		8AFF20B923FF2A58006A81EE /* Info.plist */ = {isa = PBXFileReference; lastKnownFileType = text.plist.xml; path = Info.plist; sourceTree = "<group>"; };
/* End PBXFileReference section */

/* Begin PBXFrameworksBuildPhase section */
		8A34BFE623BF96B5006B560E /* Frameworks */ = {
			isa = PBXFrameworksBuildPhase;
			buildActionMask = 2147483647;
			files = (
			);
			runOnlyForDeploymentPostprocessing = 0;
		};
		8AFF20A323FF1310006A81EE /* Frameworks */ = {
			isa = PBXFrameworksBuildPhase;
			buildActionMask = 2147483647;
			files = (
			);
			runOnlyForDeploymentPostprocessing = 0;
		};
		8AFF20B223FF2A58006A81EE /* Frameworks */ = {
			isa = PBXFrameworksBuildPhase;
			buildActionMask = 2147483647;
			files = (
			);
			runOnlyForDeploymentPostprocessing = 0;
		};
/* End PBXFrameworksBuildPhase section */

/* Begin PBXGroup section */
		8A330E0F24135B6600E092A7 /* Model */ = {
			isa = PBXGroup;
			children = (
				8AB2682C23BFA07000D94AE4 /* Profile.swift */,
			);
			path = Model;
			sourceTree = "<group>";
		};
		8A330E1024135B8E00E092A7 /* View */ = {
			isa = PBXGroup;
			children = (
				8A5279492443D6AD00E13ABA /* Main.storyboard */,
				8AA62CCB23C24B300040E8A5 /* ProfileImageCollectionLayout.swift */,
				8AB2683223BFF8B000D94AE4 /* ProfileImageCell.swift */,
				8AA62CC523C0F5E00040E8A5 /* ProfileInfoCell.swift */,
			);
			path = View;
			sourceTree = "<group>";
		};
		8A330E1124135BBC00E092A7 /* ViewController */ = {
			isa = PBXGroup;
			children = (
				8A438A882440DD2E00B65BB1 /* HomeViewController.swift */,
				8A438A8A2440DD4C00B65BB1 /* ImageCollectionViewController.swift */,
				8A438A8C2440DD6A00B65BB1 /* InfoCollectionViewController.swift */,
			);
			path = ViewController;
			sourceTree = "<group>";
		};
		8A34BFE023BF96B5006B560E = {
			isa = PBXGroup;
			children = (
				8A34BFEB23BF96B5006B560E /* Contacts */,
				8AFF20A723FF1310006A81EE /* JsonParsingTest */,
				8AFF20B623FF2A58006A81EE /* ContactsUITests */,
				8A34BFEA23BF96B5006B560E /* Products */,
			);
			sourceTree = "<group>";
		};
		8A34BFEA23BF96B5006B560E /* Products */ = {
			isa = PBXGroup;
			children = (
				8A34BFE923BF96B5006B560E /* Contacts.app */,
				8AFF20A623FF1310006A81EE /* JsonParsingTest.xctest */,
				8AFF20B523FF2A58006A81EE /* ContactsUITests.xctest */,
			);
			name = Products;
			sourceTree = "<group>";
		};
		8A34BFEB23BF96B5006B560E /* Contacts */ = {
			isa = PBXGroup;
			children = (
				8A438A912440EC7300B65BB1 /* Protocols */,
				8A438A8E2440E91800B65BB1 /* Extensions */,
				8A330E0F24135B6600E092A7 /* Model */,
				8A330E1024135B8E00E092A7 /* View */,
				8A330E1124135BBC00E092A7 /* ViewController */,
				8A34C00023BF9722006B560E /* Supporting Files */,
				8AA62C1A23C0D9000040E8A5 /* Resources */,
			);
			path = Contacts;
			sourceTree = "<group>";
		};
		8A34C00023BF9722006B560E /* Supporting Files */ = {
			isa = PBXGroup;
			children = (
				8A52794C2443DCC800E13ABA /* Main.storyboard */,
				8A34BFFA23BF96B7006B560E /* Info.plist */,
				8A34BFEC23BF96B5006B560E /* AppDelegate.swift */,
				8A34BFEE23BF96B5006B560E /* SceneDelegate.swift */,
				8A34BFF523BF96B7006B560E /* Assets.xcassets */,
				8A34BFF723BF96B7006B560E /* LaunchScreen.storyboard */,
			);
			path = "Supporting Files";
			sourceTree = "<group>";
		};
		8A438A8E2440E91800B65BB1 /* Extensions */ = {
			isa = PBXGroup;
			children = (
				8A438A8F2440E93400B65BB1 /* Extensions.swift */,
			);
			path = Extensions;
			sourceTree = "<group>";
		};
		8A438A912440EC7300B65BB1 /* Protocols */ = {
			isa = PBXGroup;
			children = (
				8A438A922440ECB300B65BB1 /* SynchronizedScrollingDelegate.swift */,
			);
			path = Protocols;
			sourceTree = "<group>";
		};
		8AA62C1A23C0D9000040E8A5 /* Resources */ = {
			isa = PBXGroup;
			children = (
				8AC2700A24423BD000A7B8F1 /* Dylan Liu.png */,
				8AC2700B24423BD000A7B8F1 /* Dylan Liu@2x.png */,
				8A438A94244102EF00B65BB1 /* Default-568h@2x.png */,
				8AA62C6C23C0D9000040E8A5 /* contacts.json */,
				8AA62C1B23C0D9000040E8A5 /* Mauricio August@2x.png */,
				8AA62C1C23C0D9000040E8A5 /* Ashley Mc Carthy.png */,
				8AA62C1D23C0D9000040E8A5 /* Henry Brill.png */,
				8AA62C1E23C0D9000040E8A5 /* Amanda Brady@2x.png */,
				8AA62C1F23C0D9000040E8A5 /* Robert Tolbert@2x.png */,
				8AA62C2023C0D9000040E8A5 /* Henry Brill@3x.png */,
				8AA62C2123C0D9000040E8A5 /* Charlotte Waltson.png */,
				8AA62C2223C0D9000040E8A5 /* Elvia Atkins@2x.png */,
				8AA62C2323C0D9000040E8A5 /* Johnie McConnell@2x.png */,
				8AA62C2423C0D9000040E8A5 /* Robert Tolbert.png */,
				8AA62C2523C0D9000040E8A5 /* Amanda Brady.png */,
				8AA62C2623C0D9000040E8A5 /* Johnie McConnell@3x.png */,
				8AA62C2723C0D9000040E8A5 /* Elvia Atkins@3x.png */,
				8AA62C2823C0D9000040E8A5 /* Henry Brill@2x.png */,
				8AA62C2923C0D9000040E8A5 /* Kevin Sturgis.png */,
				8AA62C2A23C0D9000040E8A5 /* Celeste Burton.png */,
				8AA62C2B23C0D9000040E8A5 /* Robert Tolbert@3x.png */,
				8AA62C2C23C0D9000040E8A5 /* Amanda Brady@3x.png */,
				8AA62C2D23C0D9000040E8A5 /* Katri Ahokas.png */,
				8AA62C2E23C0D9000040E8A5 /* Mauricio August@3x.png */,
				8AA62C2F23C0D9000040E8A5 /* Wanda Howard@3x.png */,
				8AA62C3023C0D9000040E8A5 /* Kristin Patterson@2x.png */,
				8AA62C3123C0D9000040E8A5 /* Daisy Phillips@3x.png */,
				8AA62C3223C0D9000040E8A5 /* Lydia Bauer.png */,
				8AA62C3323C0D9000040E8A5 /* Katri Ahokas@3x.png */,
				8AA62C3423C0D9000040E8A5 /* Katri Ahokas@2x.png */,
				8AA62C3523C0D9000040E8A5 /* Miguel Garcia.png */,
				8AA62C3623C0D9000040E8A5 /* Tim Deboer.png */,
				8AA62C3723C0D9000040E8A5 /* Daisy Phillips@2x.png */,
				8AA62C3823C0D9000040E8A5 /* Carole Poland.png */,
				8AA62C3923C0D9000040E8A5 /* Kristin Patterson.png */,
				8AA62C3A23C0D9000040E8A5 /* Kristin Patterson@3x.png */,
				8AA62C3B23C0D9000040E8A5 /* Wanda Howard@2x.png */,
				8AA62C3C23C0D9000040E8A5 /* Mauricio August.png */,
				8AA62C3D23C0D9000040E8A5 /* Johnie McConnell.png */,
				8AA62C3E23C0D9000040E8A5 /* Ashley Mc Carthy@2x.png */,
				8AA62C3F23C0D9000040E8A5 /* Celeste Burton@3x.png */,
				8AA62C4023C0D9000040E8A5 /* Lydia Bauer@3x.png */,
				8AA62C4123C0D9000040E8A5 /* Kat larsson.png */,
				8AA62C4223C0D9000040E8A5 /* Mona Kane@2x.png */,
				8AA62C4323C0D9000040E8A5 /* Isaac Fielder@2x.png */,
				8AA62C4423C0D9000040E8A5 /* Elliot Woodward@3x.png */,
				8AA62C4523C0D9000040E8A5 /* Erik Nason.png */,
				8AA62C4623C0D9000040E8A5 /* Elvia Atkins.png */,
				8AA62C4723C0D9000040E8A5 /* Carlos Slattery@2x.png */,
				8AA62C4823C0D9000040E8A5 /* Carole Poland@3x.png */,
				8AA62C4923C0D9000040E8A5 /* Kevin Sturgis@3x.png */,
				8AA62C4A23C0D9000040E8A5 /* Kevin Sturgis@2x.png */,
				8AA62C4B23C0D9000040E8A5 /* Carlos Slattery@3x.png */,
				8AA62C4C23C0D9000040E8A5 /* Carole Poland@2x.png */,
				8AA62C4D23C0D9000040E8A5 /* Cecil Folk.png */,
				8AA62C4E23C0D9000040E8A5 /* Elliot Woodward@2x.png */,
				8AA62C4F23C0D9000040E8A5 /* Isaac Fielder@3x.png */,
				8AA62C5023C0D9000040E8A5 /* Mona Kane@3x.png */,
				8AA62C5123C0D9000040E8A5 /* Celeste Burton@2x.png */,
				8AA62C5223C0D9000040E8A5 /* Lydia Bauer@2x.png */,
				8AA62C5323C0D9000040E8A5 /* Ashley Mc Carthy@3x.png */,
				8AA62C5423C0D9000040E8A5 /* Wanda Howard.png */,
				8AA62C5523C0D9000040E8A5 /* Colin Ballinger@2x.png */,
				8AA62C5623C0D9000040E8A5 /* Kat larsson@2x.png */,
				8AA62C5723C0D9000040E8A5 /* Elliot Woodward.png */,
				8AA62C5823C0D9000040E8A5 /* Cecil Folk@3x.png */,
				8AA62C5923C0D9000040E8A5 /* Carlos Slattery.png */,
				8AA62C5A23C0D9000040E8A5 /* Tim Deboer@3x.png */,
				8AA62C5B23C0D9000040E8A5 /* Charlotte Waltson@3x.png */,
				8AA62C5C23C0D9000040E8A5 /* Robin Counts@2x.png */,
				8AA62C5D23C0D9000040E8A5 /* Isaac Fielder.png */,
				8AA62C5E23C0D9000040E8A5 /* Allan Munger@3x.png */,
				8AA62C5F23C0D9000040E8A5 /* Miguel Garcia@2x.png */,
				8AA62C6023C0D9000040E8A5 /* Erik Nason@3x.png */,
				8AA62C6123C0D9000040E8A5 /* Daisy Phillips.png */,
				8AA62C6223C0D9000040E8A5 /* Mona Kane.png */,
				8AA62C6323C0D9000040E8A5 /* Erik Nason@2x.png */,
				8AA62C6423C0D9000040E8A5 /* Miguel Garcia@3x.png */,
				8AA62C6523C0D9000040E8A5 /* Allan Munger@2x.png */,
				8AA62C6623C0D9000040E8A5 /* Allan Munger.png */,
				8AA62C6723C0D9000040E8A5 /* Charlotte Waltson@2x.png */,
				8AA62C6823C0D9000040E8A5 /* Robin Counts@3x.png */,
				8AA62C6923C0D9000040E8A5 /* Tim Deboer@2x.png */,
				8AA62C6A23C0D9000040E8A5 /* Colin Ballinger.png */,
				8AA62C6B23C0D9000040E8A5 /* Cecil Folk@2x.png */,
				8AA62C6D23C0D9000040E8A5 /* Kat larsson@3x.png */,
				8AA62C6E23C0D9000040E8A5 /* Robin Counts.png */,
				8AA62C6F23C0D9000040E8A5 /* Colin Ballinger@3x.png */,
			);
			path = Resources;
			sourceTree = "<group>";
		};
		8AFF20A723FF1310006A81EE /* JsonParsingTest */ = {
			isa = PBXGroup;
			children = (
				8AFF20A823FF1310006A81EE /* JsonParsingTest.swift */,
				8AFF20AA23FF1310006A81EE /* Info.plist */,
			);
			path = JsonParsingTest;
			sourceTree = "<group>";
		};
		8AFF20B623FF2A58006A81EE /* ContactsUITests */ = {
			isa = PBXGroup;
			children = (
				8AFF20B723FF2A58006A81EE /* ContactsUITests.swift */,
				8AFF20B923FF2A58006A81EE /* Info.plist */,
			);
			path = ContactsUITests;
			sourceTree = "<group>";
		};
/* End PBXGroup section */

/* Begin PBXNativeTarget section */
		8A34BFE823BF96B5006B560E /* Contacts */ = {
			isa = PBXNativeTarget;
			buildConfigurationList = 8A34BFFD23BF96B7006B560E /* Build configuration list for PBXNativeTarget "Contacts" */;
			buildPhases = (
				8A34BFE523BF96B5006B560E /* Sources */,
				8A34BFE623BF96B5006B560E /* Frameworks */,
				8A34BFE723BF96B5006B560E /* Resources */,
			);
			buildRules = (
			);
			dependencies = (
			);
			name = Contacts;
			productName = Contacts;
			productReference = 8A34BFE923BF96B5006B560E /* Contacts.app */;
			productType = "com.apple.product-type.application";
		};
		8AFF20A523FF1310006A81EE /* JsonParsingTest */ = {
			isa = PBXNativeTarget;
			buildConfigurationList = 8AFF20AD23FF1310006A81EE /* Build configuration list for PBXNativeTarget "JsonParsingTest" */;
			buildPhases = (
				8AFF20A223FF1310006A81EE /* Sources */,
				8AFF20A323FF1310006A81EE /* Frameworks */,
				8AFF20A423FF1310006A81EE /* Resources */,
			);
			buildRules = (
			);
			dependencies = (
				8AFF20AC23FF1310006A81EE /* PBXTargetDependency */,
			);
			name = JsonParsingTest;
			productName = JsonParsingTest;
			productReference = 8AFF20A623FF1310006A81EE /* JsonParsingTest.xctest */;
			productType = "com.apple.product-type.bundle.unit-test";
		};
		8AFF20B423FF2A58006A81EE /* ContactsUITests */ = {
			isa = PBXNativeTarget;
			buildConfigurationList = 8AFF20BC23FF2A58006A81EE /* Build configuration list for PBXNativeTarget "ContactsUITests" */;
			buildPhases = (
				8AFF20B123FF2A58006A81EE /* Sources */,
				8AFF20B223FF2A58006A81EE /* Frameworks */,
				8AFF20B323FF2A58006A81EE /* Resources */,
			);
			buildRules = (
			);
			dependencies = (
				8AFF20BB23FF2A58006A81EE /* PBXTargetDependency */,
			);
			name = ContactsUITests;
			productName = ContactsUITests;
			productReference = 8AFF20B523FF2A58006A81EE /* ContactsUITests.xctest */;
			productType = "com.apple.product-type.bundle.ui-testing";
		};
/* End PBXNativeTarget section */

/* Begin PBXProject section */
		8A34BFE123BF96B5006B560E /* Project object */ = {
			isa = PBXProject;
			attributes = {
				LastSwiftUpdateCheck = 1130;
				LastUpgradeCheck = 1130;
				ORGANIZATIONNAME = "Yang Liu";
				TargetAttributes = {
					8A34BFE823BF96B5006B560E = {
						CreatedOnToolsVersion = 11.3;
					};
					8AFF20A523FF1310006A81EE = {
						CreatedOnToolsVersion = 11.3.1;
						TestTargetID = 8A34BFE823BF96B5006B560E;
					};
					8AFF20B423FF2A58006A81EE = {
						CreatedOnToolsVersion = 11.3.1;
						TestTargetID = 8A34BFE823BF96B5006B560E;
					};
				};
			};
			buildConfigurationList = 8A34BFE423BF96B5006B560E /* Build configuration list for PBXProject "Contacts" */;
			compatibilityVersion = "Xcode 9.3";
			developmentRegion = en;
			hasScannedForEncodings = 0;
			knownRegions = (
				en,
				Base,
			);
			mainGroup = 8A34BFE023BF96B5006B560E;
			productRefGroup = 8A34BFEA23BF96B5006B560E /* Products */;
			projectDirPath = "";
			projectRoot = "";
			targets = (
				8A34BFE823BF96B5006B560E /* Contacts */,
				8AFF20A523FF1310006A81EE /* JsonParsingTest */,
				8AFF20B423FF2A58006A81EE /* ContactsUITests */,
			);
		};
/* End PBXProject section */

/* Begin PBXResourcesBuildPhase section */
		8A34BFE723BF96B5006B560E /* Resources */ = {
			isa = PBXResourcesBuildPhase;
			buildActionMask = 2147483647;
			files = (
				8AA62CC223C0D9000040E8A5 /* Kat larsson@3x.png in Resources */,
				8AA62C9523C0D9000040E8A5 /* Lydia Bauer@3x.png in Resources */,
				8AA62C7323C0D9000040E8A5 /* Amanda Brady@2x.png in Resources */,
				8AA62CBA23C0D9000040E8A5 /* Allan Munger@2x.png in Resources */,
				8AA62C8323C0D9000040E8A5 /* Mauricio August@3x.png in Resources */,
				8AA62CB423C0D9000040E8A5 /* Miguel Garcia@2x.png in Resources */,
				8AA62CA323C0D9000040E8A5 /* Elliot Woodward@2x.png in Resources */,
				8A52794A2443D6AD00E13ABA /* Main.storyboard in Resources */,
				8AA62C8023C0D9000040E8A5 /* Robert Tolbert@3x.png in Resources */,
				8AA62CBF23C0D9000040E8A5 /* Colin Ballinger.png in Resources */,
				8AA62C8823C0D9000040E8A5 /* Katri Ahokas@3x.png in Resources */,
				8AA62C7923C0D9000040E8A5 /* Robert Tolbert.png in Resources */,
				8AA62C7E23C0D9000040E8A5 /* Kevin Sturgis.png in Resources */,
				8AC2700D24423BD000A7B8F1 /* Dylan Liu@2x.png in Resources */,
				8AA62CC323C0D9000040E8A5 /* Robin Counts.png in Resources */,
				8AA62CAA23C0D9000040E8A5 /* Colin Ballinger@2x.png in Resources */,
				8AA62C8A23C0D9000040E8A5 /* Miguel Garcia.png in Resources */,
				8AA62C9123C0D9000040E8A5 /* Mauricio August.png in Resources */,
				8AA62C7F23C0D9000040E8A5 /* Celeste Burton.png in Resources */,
				8AA62CA623C0D9000040E8A5 /* Celeste Burton@2x.png in Resources */,
				8AA62C9623C0D9000040E8A5 /* Kat larsson.png in Resources */,
				8A34BFF923BF96B7006B560E /* LaunchScreen.storyboard in Resources */,
				8AA62C9E23C0D9000040E8A5 /* Kevin Sturgis@3x.png in Resources */,
				8AA62CA123C0D9000040E8A5 /* Carole Poland@2x.png in Resources */,
				8AA62C8923C0D9000040E8A5 /* Katri Ahokas@2x.png in Resources */,
				8AA62C9823C0D9000040E8A5 /* Isaac Fielder@2x.png in Resources */,
				8AA62CA823C0D9000040E8A5 /* Ashley Mc Carthy@3x.png in Resources */,
				8AA62CAB23C0D9000040E8A5 /* Kat larsson@2x.png in Resources */,
				8AA62C8D23C0D9000040E8A5 /* Carole Poland.png in Resources */,
				8AA62CAC23C0D9000040E8A5 /* Elliot Woodward.png in Resources */,
				8AA62CA023C0D9000040E8A5 /* Carlos Slattery@3x.png in Resources */,
				8AA62CB023C0D9000040E8A5 /* Charlotte Waltson@3x.png in Resources */,
				8AA62C9A23C0D9000040E8A5 /* Erik Nason.png in Resources */,
				8AA62C7023C0D9000040E8A5 /* Mauricio August@2x.png in Resources */,
				8AA62C8623C0D9000040E8A5 /* Daisy Phillips@3x.png in Resources */,
				8AA62CC423C0D9000040E8A5 /* Colin Ballinger@3x.png in Resources */,
				8AA62CB523C0D9000040E8A5 /* Erik Nason@3x.png in Resources */,
				8AA62C7B23C0D9000040E8A5 /* Johnie McConnell@3x.png in Resources */,
				8A34BFF623BF96B7006B560E /* Assets.xcassets in Resources */,
				8AA62C7623C0D9000040E8A5 /* Charlotte Waltson.png in Resources */,
				8AA62C8E23C0D9000040E8A5 /* Kristin Patterson.png in Resources */,
				8AA62CA523C0D9000040E8A5 /* Mona Kane@3x.png in Resources */,
				8AA62C7423C0D9000040E8A5 /* Robert Tolbert@2x.png in Resources */,
				8AA62CAD23C0D9000040E8A5 /* Cecil Folk@3x.png in Resources */,
				8AA62CB123C0D9000040E8A5 /* Robin Counts@2x.png in Resources */,
				8AA62CAF23C0D9000040E8A5 /* Tim Deboer@3x.png in Resources */,
				8AA62CA723C0D9000040E8A5 /* Lydia Bauer@2x.png in Resources */,
				8AA62CC023C0D9000040E8A5 /* Cecil Folk@2x.png in Resources */,
				8AA62C8723C0D9000040E8A5 /* Lydia Bauer.png in Resources */,
				8AA62C9923C0D9000040E8A5 /* Elliot Woodward@3x.png in Resources */,
				8AA62C9B23C0D9000040E8A5 /* Elvia Atkins.png in Resources */,
				8AA62C8C23C0D9000040E8A5 /* Daisy Phillips@2x.png in Resources */,
				8AA62C9023C0D9000040E8A5 /* Wanda Howard@2x.png in Resources */,
				8AA62C7223C0D9000040E8A5 /* Henry Brill.png in Resources */,
				8AA62CB223C0D9000040E8A5 /* Isaac Fielder.png in Resources */,
				8AA62CC123C0D9000040E8A5 /* contacts.json in Resources */,
				8AA62C7523C0D9000040E8A5 /* Henry Brill@3x.png in Resources */,
				8AA62C7A23C0D9000040E8A5 /* Amanda Brady.png in Resources */,
				8AC2700C24423BD000A7B8F1 /* Dylan Liu.png in Resources */,
				8AA62CA923C0D9000040E8A5 /* Wanda Howard.png in Resources */,
				8AA62CBC23C0D9000040E8A5 /* Charlotte Waltson@2x.png in Resources */,
				8AA62C9C23C0D9000040E8A5 /* Carlos Slattery@2x.png in Resources */,
				8AA62C9223C0D9000040E8A5 /* Johnie McConnell.png in Resources */,
				8AA62C9423C0D9000040E8A5 /* Celeste Burton@3x.png in Resources */,
				8AA62C7823C0D9000040E8A5 /* Johnie McConnell@2x.png in Resources */,
				8AA62C7D23C0D9000040E8A5 /* Henry Brill@2x.png in Resources */,
				8AA62C9F23C0D9000040E8A5 /* Kevin Sturgis@2x.png in Resources */,
				8AA62CB723C0D9000040E8A5 /* Mona Kane.png in Resources */,
				8AA62C8423C0D9000040E8A5 /* Wanda Howard@3x.png in Resources */,
				8AA62C8123C0D9000040E8A5 /* Amanda Brady@3x.png in Resources */,
				8AA62C7C23C0D9000040E8A5 /* Elvia Atkins@3x.png in Resources */,
				8AA62C8B23C0D9000040E8A5 /* Tim Deboer.png in Resources */,
				8AA62CB623C0D9000040E8A5 /* Daisy Phillips.png in Resources */,
				8AA62CAE23C0D9000040E8A5 /* Carlos Slattery.png in Resources */,
				8AA62C7723C0D9000040E8A5 /* Elvia Atkins@2x.png in Resources */,
				8AA62CA423C0D9000040E8A5 /* Isaac Fielder@3x.png in Resources */,
				8AA62CA223C0D9000040E8A5 /* Cecil Folk.png in Resources */,
				8AA62CB923C0D9000040E8A5 /* Miguel Garcia@3x.png in Resources */,
				8AA62CB323C0D9000040E8A5 /* Allan Munger@3x.png in Resources */,
				8AA62C8223C0D9000040E8A5 /* Katri Ahokas.png in Resources */,
				8AA62CBE23C0D9000040E8A5 /* Tim Deboer@2x.png in Resources */,
				8AA62CB823C0D9000040E8A5 /* Erik Nason@2x.png in Resources */,
				8AA62C8523C0D9000040E8A5 /* Kristin Patterson@2x.png in Resources */,
				8AA62C8F23C0D9000040E8A5 /* Kristin Patterson@3x.png in Resources */,
				8AA62CBD23C0D9000040E8A5 /* Robin Counts@3x.png in Resources */,
				8AA62CBB23C0D9000040E8A5 /* Allan Munger.png in Resources */,
				8AA62C9323C0D9000040E8A5 /* Ashley Mc Carthy@2x.png in Resources */,
				8AA62C7123C0D9000040E8A5 /* Ashley Mc Carthy.png in Resources */,
				8AA62C9723C0D9000040E8A5 /* Mona Kane@2x.png in Resources */,
				8AA62C9D23C0D9000040E8A5 /* Carole Poland@3x.png in Resources */,
				8A438A95244102EF00B65BB1 /* Default-568h@2x.png in Resources */,
			);
			runOnlyForDeploymentPostprocessing = 0;
		};
		8AFF20A423FF1310006A81EE /* Resources */ = {
			isa = PBXResourcesBuildPhase;
			buildActionMask = 2147483647;
			files = (
				8AFF20B023FF1320006A81EE /* contacts.json in Resources */,
			);
			runOnlyForDeploymentPostprocessing = 0;
		};
		8AFF20B323FF2A58006A81EE /* Resources */ = {
			isa = PBXResourcesBuildPhase;
			buildActionMask = 2147483647;
			files = (
			);
			runOnlyForDeploymentPostprocessing = 0;
		};
/* End PBXResourcesBuildPhase section */

/* Begin PBXSourcesBuildPhase section */
		8A34BFE523BF96B5006B560E /* Sources */ = {
			isa = PBXSourcesBuildPhase;
			buildActionMask = 2147483647;
			files = (
				8A438A8B2440DD4C00B65BB1 /* ImageCollectionViewController.swift in Sources */,
				8AB2683323BFF8B000D94AE4 /* ProfileImageCell.swift in Sources */,
				8AA62CCC23C24B300040E8A5 /* ProfileImageCollectionLayout.swift in Sources */,
				8AA62CC623C0F5E00040E8A5 /* ProfileInfoCell.swift in Sources */,
				8A438A892440DD2E00B65BB1 /* HomeViewController.swift in Sources */,
				8A438A902440E93400B65BB1 /* Extensions.swift in Sources */,
				8AB2682D23BFA07000D94AE4 /* Profile.swift in Sources */,
				8A438A932440ECB300B65BB1 /* SynchronizedScrollingDelegate.swift in Sources */,
				8A34BFED23BF96B5006B560E /* AppDelegate.swift in Sources */,
				8A34BFEF23BF96B5006B560E /* SceneDelegate.swift in Sources */,
				8A438A8D2440DD6A00B65BB1 /* InfoCollectionViewController.swift in Sources */,
			);
			runOnlyForDeploymentPostprocessing = 0;
		};
		8AFF20A223FF1310006A81EE /* Sources */ = {
			isa = PBXSourcesBuildPhase;
			buildActionMask = 2147483647;
			files = (
				8AFF20A923FF1310006A81EE /* JsonParsingTest.swift in Sources */,
			);
			runOnlyForDeploymentPostprocessing = 0;
		};
		8AFF20B123FF2A58006A81EE /* Sources */ = {
			isa = PBXSourcesBuildPhase;
			buildActionMask = 2147483647;
			files = (
				8AFF20B823FF2A58006A81EE /* ContactsUITests.swift in Sources */,
			);
			runOnlyForDeploymentPostprocessing = 0;
		};
/* End PBXSourcesBuildPhase section */

/* Begin PBXTargetDependency section */
		8AFF20AC23FF1310006A81EE /* PBXTargetDependency */ = {
			isa = PBXTargetDependency;
			target = 8A34BFE823BF96B5006B560E /* Contacts */;
			targetProxy = 8AFF20AB23FF1310006A81EE /* PBXContainerItemProxy */;
		};
		8AFF20BB23FF2A58006A81EE /* PBXTargetDependency */ = {
			isa = PBXTargetDependency;
			target = 8A34BFE823BF96B5006B560E /* Contacts */;
			targetProxy = 8AFF20BA23FF2A58006A81EE /* PBXContainerItemProxy */;
		};
/* End PBXTargetDependency section */

/* Begin PBXVariantGroup section */
		8A34BFF723BF96B7006B560E /* LaunchScreen.storyboard */ = {
			isa = PBXVariantGroup;
			children = (
				8A34BFF823BF96B7006B560E /* Base */,
			);
			name = LaunchScreen.storyboard;
			sourceTree = "<group>";
		};
/* End PBXVariantGroup section */

/* Begin XCBuildConfiguration section */
		8A34BFFB23BF96B7006B560E /* Debug */ = {
			isa = XCBuildConfiguration;
			buildSettings = {
				ALWAYS_SEARCH_USER_PATHS = NO;
				CLANG_ANALYZER_NONNULL = YES;
				CLANG_ANALYZER_NUMBER_OBJECT_CONVERSION = YES_AGGRESSIVE;
				CLANG_CXX_LANGUAGE_STANDARD = "gnu++14";
				CLANG_CXX_LIBRARY = "libc++";
				CLANG_ENABLE_MODULES = YES;
				CLANG_ENABLE_OBJC_ARC = YES;
				CLANG_ENABLE_OBJC_WEAK = YES;
				CLANG_WARN_BLOCK_CAPTURE_AUTORELEASING = YES;
				CLANG_WARN_BOOL_CONVERSION = YES;
				CLANG_WARN_COMMA = YES;
				CLANG_WARN_CONSTANT_CONVERSION = YES;
				CLANG_WARN_DEPRECATED_OBJC_IMPLEMENTATIONS = YES;
				CLANG_WARN_DIRECT_OBJC_ISA_USAGE = YES_ERROR;
				CLANG_WARN_DOCUMENTATION_COMMENTS = YES;
				CLANG_WARN_EMPTY_BODY = YES;
				CLANG_WARN_ENUM_CONVERSION = YES;
				CLANG_WARN_INFINITE_RECURSION = YES;
				CLANG_WARN_INT_CONVERSION = YES;
				CLANG_WARN_NON_LITERAL_NULL_CONVERSION = YES;
				CLANG_WARN_OBJC_IMPLICIT_RETAIN_SELF = YES;
				CLANG_WARN_OBJC_LITERAL_CONVERSION = YES;
				CLANG_WARN_OBJC_ROOT_CLASS = YES_ERROR;
				CLANG_WARN_RANGE_LOOP_ANALYSIS = YES;
				CLANG_WARN_STRICT_PROTOTYPES = YES;
				CLANG_WARN_SUSPICIOUS_MOVE = YES;
				CLANG_WARN_UNGUARDED_AVAILABILITY = YES_AGGRESSIVE;
				CLANG_WARN_UNREACHABLE_CODE = YES;
				CLANG_WARN__DUPLICATE_METHOD_MATCH = YES;
				COPY_PHASE_STRIP = NO;
				DEBUG_INFORMATION_FORMAT = dwarf;
				ENABLE_STRICT_OBJC_MSGSEND = YES;
				ENABLE_TESTABILITY = YES;
				GCC_C_LANGUAGE_STANDARD = gnu11;
				GCC_DYNAMIC_NO_PIC = NO;
				GCC_NO_COMMON_BLOCKS = YES;
				GCC_OPTIMIZATION_LEVEL = 0;
				GCC_PREPROCESSOR_DEFINITIONS = (
					"DEBUG=1",
					"$(inherited)",
				);
				GCC_WARN_64_TO_32_BIT_CONVERSION = YES;
				GCC_WARN_ABOUT_RETURN_TYPE = YES_ERROR;
				GCC_WARN_UNDECLARED_SELECTOR = YES;
				GCC_WARN_UNINITIALIZED_AUTOS = YES_AGGRESSIVE;
				GCC_WARN_UNUSED_FUNCTION = YES;
				GCC_WARN_UNUSED_VARIABLE = YES;
				IPHONEOS_DEPLOYMENT_TARGET = 13.2;
				MTL_ENABLE_DEBUG_INFO = INCLUDE_SOURCE;
				MTL_FAST_MATH = YES;
				ONLY_ACTIVE_ARCH = YES;
				SDKROOT = iphoneos;
				SWIFT_ACTIVE_COMPILATION_CONDITIONS = DEBUG;
				SWIFT_OPTIMIZATION_LEVEL = "-Onone";
			};
			name = Debug;
		};
		8A34BFFC23BF96B7006B560E /* Release */ = {
			isa = XCBuildConfiguration;
			buildSettings = {
				ALWAYS_SEARCH_USER_PATHS = NO;
				CLANG_ANALYZER_NONNULL = YES;
				CLANG_ANALYZER_NUMBER_OBJECT_CONVERSION = YES_AGGRESSIVE;
				CLANG_CXX_LANGUAGE_STANDARD = "gnu++14";
				CLANG_CXX_LIBRARY = "libc++";
				CLANG_ENABLE_MODULES = YES;
				CLANG_ENABLE_OBJC_ARC = YES;
				CLANG_ENABLE_OBJC_WEAK = YES;
				CLANG_WARN_BLOCK_CAPTURE_AUTORELEASING = YES;
				CLANG_WARN_BOOL_CONVERSION = YES;
				CLANG_WARN_COMMA = YES;
				CLANG_WARN_CONSTANT_CONVERSION = YES;
				CLANG_WARN_DEPRECATED_OBJC_IMPLEMENTATIONS = YES;
				CLANG_WARN_DIRECT_OBJC_ISA_USAGE = YES_ERROR;
				CLANG_WARN_DOCUMENTATION_COMMENTS = YES;
				CLANG_WARN_EMPTY_BODY = YES;
				CLANG_WARN_ENUM_CONVERSION = YES;
				CLANG_WARN_INFINITE_RECURSION = YES;
				CLANG_WARN_INT_CONVERSION = YES;
				CLANG_WARN_NON_LITERAL_NULL_CONVERSION = YES;
				CLANG_WARN_OBJC_IMPLICIT_RETAIN_SELF = YES;
				CLANG_WARN_OBJC_LITERAL_CONVERSION = YES;
				CLANG_WARN_OBJC_ROOT_CLASS = YES_ERROR;
				CLANG_WARN_RANGE_LOOP_ANALYSIS = YES;
				CLANG_WARN_STRICT_PROTOTYPES = YES;
				CLANG_WARN_SUSPICIOUS_MOVE = YES;
				CLANG_WARN_UNGUARDED_AVAILABILITY = YES_AGGRESSIVE;
				CLANG_WARN_UNREACHABLE_CODE = YES;
				CLANG_WARN__DUPLICATE_METHOD_MATCH = YES;
				COPY_PHASE_STRIP = NO;
				DEBUG_INFORMATION_FORMAT = "dwarf-with-dsym";
				ENABLE_NS_ASSERTIONS = NO;
				ENABLE_STRICT_OBJC_MSGSEND = YES;
				GCC_C_LANGUAGE_STANDARD = gnu11;
				GCC_NO_COMMON_BLOCKS = YES;
				GCC_WARN_64_TO_32_BIT_CONVERSION = YES;
				GCC_WARN_ABOUT_RETURN_TYPE = YES_ERROR;
				GCC_WARN_UNDECLARED_SELECTOR = YES;
				GCC_WARN_UNINITIALIZED_AUTOS = YES_AGGRESSIVE;
				GCC_WARN_UNUSED_FUNCTION = YES;
				GCC_WARN_UNUSED_VARIABLE = YES;
				IPHONEOS_DEPLOYMENT_TARGET = 13.2;
				MTL_ENABLE_DEBUG_INFO = NO;
				MTL_FAST_MATH = YES;
				SDKROOT = iphoneos;
				SWIFT_COMPILATION_MODE = wholemodule;
				SWIFT_OPTIMIZATION_LEVEL = "-O";
				VALIDATE_PRODUCT = YES;
			};
			name = Release;
		};
		8A34BFFE23BF96B7006B560E /* Debug */ = {
			isa = XCBuildConfiguration;
			buildSettings = {
				ASSETCATALOG_COMPILER_APPICON_NAME = AppIcon;
				CODE_SIGN_STYLE = Automatic;
				DEVELOPMENT_TEAM = X3EQ5SGHFP;
				INFOPLIST_FILE = "Contacts/Supporting Files/Info.plist";
				LD_RUNPATH_SEARCH_PATHS = (
					"$(inherited)",
					"@executable_path/Frameworks",
				);
				PRODUCT_BUNDLE_IDENTIFIER = YangLiu.Contacts;
				PRODUCT_NAME = "$(TARGET_NAME)";
				SWIFT_VERSION = 5.0;
				TARGETED_DEVICE_FAMILY = "1,2";
			};
			name = Debug;
		};
		8A34BFFF23BF96B7006B560E /* Release */ = {
			isa = XCBuildConfiguration;
			buildSettings = {
				ASSETCATALOG_COMPILER_APPICON_NAME = AppIcon;
				CODE_SIGN_STYLE = Automatic;
				DEVELOPMENT_TEAM = X3EQ5SGHFP;
				INFOPLIST_FILE = "Contacts/Supporting Files/Info.plist";
				LD_RUNPATH_SEARCH_PATHS = (
					"$(inherited)",
					"@executable_path/Frameworks",
				);
				PRODUCT_BUNDLE_IDENTIFIER = YangLiu.Contacts;
				PRODUCT_NAME = "$(TARGET_NAME)";
				SWIFT_VERSION = 5.0;
				TARGETED_DEVICE_FAMILY = "1,2";
			};
			name = Release;
		};
		8AFF20AE23FF1310006A81EE /* Debug */ = {
			isa = XCBuildConfiguration;
			buildSettings = {
				BUNDLE_LOADER = "$(TEST_HOST)";
				CODE_SIGN_STYLE = Automatic;
				DEVELOPMENT_TEAM = X3EQ5SGHFP;
				INFOPLIST_FILE = JsonParsingTest/Info.plist;
				LD_RUNPATH_SEARCH_PATHS = (
					"$(inherited)",
					"@executable_path/Frameworks",
					"@loader_path/Frameworks",
				);
				PRODUCT_BUNDLE_IDENTIFIER = YangLiu.JsonParsingTest;
				PRODUCT_NAME = "$(TARGET_NAME)";
				SWIFT_VERSION = 5.0;
				TARGETED_DEVICE_FAMILY = "1,2";
				TEST_HOST = "$(BUILT_PRODUCTS_DIR)/Contacts.app/Contacts";
			};
			name = Debug;
		};
		8AFF20AF23FF1310006A81EE /* Release */ = {
			isa = XCBuildConfiguration;
			buildSettings = {
				BUNDLE_LOADER = "$(TEST_HOST)";
				CODE_SIGN_STYLE = Automatic;
				DEVELOPMENT_TEAM = X3EQ5SGHFP;
				INFOPLIST_FILE = JsonParsingTest/Info.plist;
				LD_RUNPATH_SEARCH_PATHS = (
					"$(inherited)",
					"@executable_path/Frameworks",
					"@loader_path/Frameworks",
				);
				PRODUCT_BUNDLE_IDENTIFIER = YangLiu.JsonParsingTest;
				PRODUCT_NAME = "$(TARGET_NAME)";
				SWIFT_VERSION = 5.0;
				TARGETED_DEVICE_FAMILY = "1,2";
				TEST_HOST = "$(BUILT_PRODUCTS_DIR)/Contacts.app/Contacts";
			};
			name = Release;
		};
		8AFF20BD23FF2A58006A81EE /* Debug */ = {
			isa = XCBuildConfiguration;
			buildSettings = {
				CODE_SIGN_STYLE = Automatic;
				DEVELOPMENT_TEAM = X3EQ5SGHFP;
				INFOPLIST_FILE = ContactsUITests/Info.plist;
				LD_RUNPATH_SEARCH_PATHS = (
					"$(inherited)",
					"@executable_path/Frameworks",
					"@loader_path/Frameworks",
				);
				PRODUCT_BUNDLE_IDENTIFIER = YangLiu.ContactsUITests;
				PRODUCT_NAME = "$(TARGET_NAME)";
				SWIFT_VERSION = 5.0;
				TARGETED_DEVICE_FAMILY = "1,2";
				TEST_TARGET_NAME = Contacts;
			};
			name = Debug;
		};
		8AFF20BE23FF2A58006A81EE /* Release */ = {
			isa = XCBuildConfiguration;
			buildSettings = {
				CODE_SIGN_STYLE = Automatic;
				DEVELOPMENT_TEAM = X3EQ5SGHFP;
				INFOPLIST_FILE = ContactsUITests/Info.plist;
				LD_RUNPATH_SEARCH_PATHS = (
					"$(inherited)",
					"@executable_path/Frameworks",
					"@loader_path/Frameworks",
				);
				PRODUCT_BUNDLE_IDENTIFIER = YangLiu.ContactsUITests;
				PRODUCT_NAME = "$(TARGET_NAME)";
				SWIFT_VERSION = 5.0;
				TARGETED_DEVICE_FAMILY = "1,2";
				TEST_TARGET_NAME = Contacts;
			};
			name = Release;
		};
/* End XCBuildConfiguration section */

/* Begin XCConfigurationList section */
		8A34BFE423BF96B5006B560E /* Build configuration list for PBXProject "Contacts" */ = {
			isa = XCConfigurationList;
			buildConfigurations = (
				8A34BFFB23BF96B7006B560E /* Debug */,
				8A34BFFC23BF96B7006B560E /* Release */,
			);
			defaultConfigurationIsVisible = 0;
			defaultConfigurationName = Release;
		};
		8A34BFFD23BF96B7006B560E /* Build configuration list for PBXNativeTarget "Contacts" */ = {
			isa = XCConfigurationList;
			buildConfigurations = (
				8A34BFFE23BF96B7006B560E /* Debug */,
				8A34BFFF23BF96B7006B560E /* Release */,
			);
			defaultConfigurationIsVisible = 0;
			defaultConfigurationName = Release;
		};
		8AFF20AD23FF1310006A81EE /* Build configuration list for PBXNativeTarget "JsonParsingTest" */ = {
			isa = XCConfigurationList;
			buildConfigurations = (
				8AFF20AE23FF1310006A81EE /* Debug */,
				8AFF20AF23FF1310006A81EE /* Release */,
			);
			defaultConfigurationIsVisible = 0;
			defaultConfigurationName = Release;
		};
		8AFF20BC23FF2A58006A81EE /* Build configuration list for PBXNativeTarget "ContactsUITests" */ = {
			isa = XCConfigurationList;
			buildConfigurations = (
				8AFF20BD23FF2A58006A81EE /* Debug */,
				8AFF20BE23FF2A58006A81EE /* Release */,
			);
			defaultConfigurationIsVisible = 0;
			defaultConfigurationName = Release;
		};
/* End XCConfigurationList section */
	};
	rootObject = 8A34BFE123BF96B5006B560E /* Project object */;
}
